
Microsoft Visual Studio Solution File, Format Version 12.00
# Visual Studio Version 17
VisualStudioVersion = 17.6.33723.286
MinimumVisualStudioVersion = 10.0.40219.1
Project("{9A19103F-16F7-4668-BE54-9A1E7A4F7556}") = "MapperLite", "MiniMapper\MapperLite.csproj", "{700F1CBD-B175-444D-893F-DC9A0CB24730}"
EndProject
Project("{9A19103F-16F7-4668-BE54-9A1E7A4F7556}") = "MapperLiteTester", "MiniMapperTester\MapperLiteTester.csproj", "{42291B06-5CEB-4FBE-9927-63ABEAEDC771}"
EndProject
Global
	GlobalSection(SolutionConfigurationPlatforms) = preSolution
		Debug|Any CPU = Debug|Any CPU
		Release|Any CPU = Release|Any CPU
	EndGlobalSection
	GlobalSection(ProjectConfigurationPlatforms) = postSolution
		{700F1CBD-B175-444D-893F-DC9A0CB24730}.Debug|Any CPU.ActiveCfg = Debug|Any CPU
		{700F1CBD-B175-444D-893F-DC9A0CB24730}.Debug|Any CPU.Build.0 = Debug|Any CPU
		{700F1CBD-B175-444D-893F-DC9A0CB24730}.Release|Any CPU.ActiveCfg = Release|Any CPU
		{700F1CBD-B175-444D-893F-DC9A0CB24730}.Release|Any CPU.Build.0 = Release|Any CPU
		{42291B06-5CEB-4FBE-9927-63ABEAEDC771}.Debug|Any CPU.ActiveCfg = Debug|Any CPU
		{42291B06-5CEB-4FBE-9927-63ABEAEDC771}.Debug|Any CPU.Build.0 = Debug|Any CPU
		{42291B06-5CEB-4FBE-9927-63ABEAEDC771}.Release|Any CPU.ActiveCfg = Release|Any CPU
		{42291B06-5CEB-4FBE-9927-63ABEAEDC771}.Release|Any CPU.Build.0 = Release|Any CPU
	EndGlobalSection
	GlobalSection(SolutionProperties) = preSolution
		HideSolutionNode = FALSE
	EndGlobalSection
	GlobalSection(ExtensibilityGlobals) = postSolution
		SolutionGuid = {55DA9A18-F2CB-43DF-8426-C7D1ED3E2F51}
	EndGlobalSection
EndGlobal
